
Microsoft Visual Studio Solution File, Format Version 12.00
# Visual Studio Version 16
VisualStudioVersion = 16.0.30413.136
MinimumVisualStudioVersion = 10.0.40219.1
Project("{FAE04EC0-301F-11D3-BF4B-00C04F79EFBC}") = "CancelAppointmentIT MONARCHS", "CancelAppointmentIT MONARCHS.csproj", "{B71A1480-C6A3-48D1-BC64-959E3AB0CECB}"
EndProject
Global
	GlobalSection(SolutionConfigurationPlatforms) = preSolution
		Debug|Any CPU = Debug|Any CPU
		Release|Any CPU = Release|Any CPU
	EndGlobalSection
	GlobalSection(ProjectConfigurationPlatforms) = postSolution
		{B71A1480-C6A3-48D1-BC64-959E3AB0CECB}.Debug|Any CPU.ActiveCfg = Debug|Any CPU
		{B71A1480-C6A3-48D1-BC64-959E3AB0CECB}.Debug|Any CPU.Build.0 = Debug|Any CPU
		{B71A1480-C6A3-48D1-BC64-959E3AB0CECB}.Release|Any CPU.ActiveCfg = Release|Any CPU
		{B71A1480-C6A3-48D1-BC64-959E3AB0CECB}.Release|Any CPU.Build.0 = Release|Any CPU
	EndGlobalSection
	GlobalSection(SolutionProperties) = preSolution
		HideSolutionNode = FALSE
	EndGlobalSection
	GlobalSection(ExtensibilityGlobals) = postSolution
		SolutionGuid = {D4B43476-9C0F-465C-8D0B-EB3C82B96B3C}
	EndGlobalSection
EndGlobal
